{
  "name": "fin-free",
  "lockfileVersion": 3,
  "requires": true,
  "packages": {
    "": {
      "dependencies": {
        "diskusage-ng": "^1.0.4"
      }
    },
    "node_modules/diskusage-ng": {
      "version": "1.0.4",
      "resolved": "https://registry.npmjs.org/diskusage-ng/-/diskusage-ng-1.0.4.tgz",
      "integrity": "sha512-30qT0Bn2dNGii6dAXllGgYRaIt+7gPhwCJks+byhutkCOCgsqfqvXmAV2zTDOvU1ylnGHUjZMMaKhM95FyQQrg==",
      "license": "MIT",
      "engines": {
        "node": ">=8.8.0"
      }
    }
  }
}
